
Microsoft Visual Studio Solution File, Format Version 12.00
# Visual Studio Version 17
VisualStudioVersion = 17.11.35312.102
MinimumVisualStudioVersion = 10.0.40219.1
Project("{FAE04EC0-301F-11D3-BF4B-00C04F79EFBC}") = "MusicAppWPF", "MusicAppWPF.csproj", "{9EE7F05F-C751-4D5E-A34A-3FCDF51298CE}"
EndProject
Global
	GlobalSection(SolutionConfigurationPlatforms) = preSolution
		Debug|Any CPU = Debug|Any CPU
		Release|Any CPU = Release|Any CPU
	EndGlobalSection
	GlobalSection(ProjectConfigurationPlatforms) = postSolution
		{9EE7F05F-C751-4D5E-A34A-3FCDF51298CE}.Debug|Any CPU.ActiveCfg = Debug|Any CPU
		{9EE7F05F-C751-4D5E-A34A-3FCDF51298CE}.Debug|Any CPU.Build.0 = Debug|Any CPU
		{9EE7F05F-C751-4D5E-A34A-3FCDF51298CE}.Release|Any CPU.ActiveCfg = Release|Any CPU
		{9EE7F05F-C751-4D5E-A34A-3FCDF51298CE}.Release|Any CPU.Build.0 = Release|Any CPU
	EndGlobalSection
	GlobalSection(SolutionProperties) = preSolution
		HideSolutionNode = FALSE
	EndGlobalSection
	GlobalSection(ExtensibilityGlobals) = postSolution
		SolutionGuid = {B8695A9E-A658-45D4-B924-77716EB7D25F}
	EndGlobalSection
EndGlobal
